
Microsoft Visual Studio Solution File, Format Version 12.00
# Visual Studio 2013
VisualStudioVersion = 12.0.31101.0
MinimumVisualStudioVersion = 10.0.40219.1
Project("{2150E333-8FDC-42A3-9474-1A3956D46DE8}") = ".libs", ".libs", "{641362CF-3604-4C38-9282-8DEEDD3B2609}"
	ProjectSection(SolutionItems) = preProject
		.libs\EnvDTE.ttinclude = .libs\EnvDTE.ttinclude
	EndProjectSection
EndProject
Project("{2150E333-8FDC-42A3-9474-1A3956D46DE8}") = ".nuget", ".nuget", "{6F4AAF8C-6B3F-4010-A153-A28DA7E5D3FE}"
	ProjectSection(SolutionItems) = preProject
		.nuget\NuGet.Config = .nuget\NuGet.Config
		.nuget\NuGet.exe = .nuget\NuGet.exe
		.nuget\NuGet.targets = .nuget\NuGet.targets
	EndProjectSection
EndProject
Project("{FAE04EC0-301F-11D3-BF4B-00C04F79EFBC}") = "DataBusinessService", "DataBusinessService\DataBusinessService.csproj", "{C4D031A1-3A18-468B-A372-7E767B60772F}"
EndProject
Project("{FAE04EC0-301F-11D3-BF4B-00C04F79EFBC}") = "DataBusinessService.Test", "DataBusinessService.Test\DataBusinessService.Test.csproj", "{B7A775EE-513B-4F85-85A8-A1D973EE4672}"
EndProject
Project("{FAE04EC0-301F-11D3-BF4B-00C04F79EFBC}") = "DataCache", "DataCache\DataCache.csproj", "{A6545944-AC73-4F9F-B903-1DA5C589AACB}"
EndProject
Global
	GlobalSection(SolutionConfigurationPlatforms) = preSolution
		Debug|Any CPU = Debug|Any CPU
		Release|Any CPU = Release|Any CPU
	EndGlobalSection
	GlobalSection(ProjectConfigurationPlatforms) = postSolution
		{C4D031A1-3A18-468B-A372-7E767B60772F}.Debug|Any CPU.ActiveCfg = Debug|Any CPU
		{C4D031A1-3A18-468B-A372-7E767B60772F}.Debug|Any CPU.Build.0 = Debug|Any CPU
		{C4D031A1-3A18-468B-A372-7E767B60772F}.Release|Any CPU.ActiveCfg = Release|Any CPU
		{C4D031A1-3A18-468B-A372-7E767B60772F}.Release|Any CPU.Build.0 = Release|Any CPU
		{B7A775EE-513B-4F85-85A8-A1D973EE4672}.Debug|Any CPU.ActiveCfg = Debug|Any CPU
		{B7A775EE-513B-4F85-85A8-A1D973EE4672}.Debug|Any CPU.Build.0 = Debug|Any CPU
		{B7A775EE-513B-4F85-85A8-A1D973EE4672}.Release|Any CPU.ActiveCfg = Release|Any CPU
		{B7A775EE-513B-4F85-85A8-A1D973EE4672}.Release|Any CPU.Build.0 = Release|Any CPU
		{A6545944-AC73-4F9F-B903-1DA5C589AACB}.Debug|Any CPU.ActiveCfg = Debug|Any CPU
		{A6545944-AC73-4F9F-B903-1DA5C589AACB}.Debug|Any CPU.Build.0 = Debug|Any CPU
		{A6545944-AC73-4F9F-B903-1DA5C589AACB}.Release|Any CPU.ActiveCfg = Release|Any CPU
		{A6545944-AC73-4F9F-B903-1DA5C589AACB}.Release|Any CPU.Build.0 = Release|Any CPU
	EndGlobalSection
	GlobalSection(SolutionProperties) = preSolution
		HideSolutionNode = FALSE
	EndGlobalSection
EndGlobal
